
Microsoft Visual Studio Solution File, Format Version 12.00
# Visual Studio Version 17
VisualStudioVersion = 17.1.32328.378
MinimumVisualStudioVersion = 10.0.40219.1
Project("{FAE04EC0-301F-11D3-BF4B-00C04F79EFBC}") = "IAT2022", "IAT2022\IAT2022.csproj", "{2BC12887-1161-45F4-ACA1-51BF7A1CDA2D}"
EndProject
Global
	GlobalSection(SolutionConfigurationPlatforms) = preSolution
		Debug|Any CPU = Debug|Any CPU
		Release|Any CPU = Release|Any CPU
	EndGlobalSection
	GlobalSection(ProjectConfigurationPlatforms) = postSolution
		{2BC12887-1161-45F4-ACA1-51BF7A1CDA2D}.Debug|Any CPU.ActiveCfg = Debug|Any CPU
		{2BC12887-1161-45F4-ACA1-51BF7A1CDA2D}.Debug|Any CPU.Build.0 = Debug|Any CPU
		{2BC12887-1161-45F4-ACA1-51BF7A1CDA2D}.Release|Any CPU.ActiveCfg = Release|Any CPU
		{2BC12887-1161-45F4-ACA1-51BF7A1CDA2D}.Release|Any CPU.Build.0 = Release|Any CPU
	EndGlobalSection
	GlobalSection(SolutionProperties) = preSolution
		HideSolutionNode = FALSE
	EndGlobalSection
	GlobalSection(ExtensibilityGlobals) = postSolution
		SolutionGuid = {A1EE6304-E811-4303-AC2C-E53E26D11FD6}
	EndGlobalSection
EndGlobal
